
Microsoft Visual Studio Solution File, Format Version 12.00
# Visual Studio Version 17
VisualStudioVersion = 17.14.36518.9 d17.14
MinimumVisualStudioVersion = 10.0.40219.1
Project("{8BC9CEB8-8B4A-11D0-8D11-00A0C91BC942}") = "Lab 7", "Lab 7\Lab 7.vcxproj", "{864C2530-2568-4CDC-B973-87FE0C5F46AE}"
EndProject
Global
	GlobalSection(SolutionConfigurationPlatforms) = preSolution
		Debug|x64 = Debug|x64
		Debug|x86 = Debug|x86
		Release|x64 = Release|x64
		Release|x86 = Release|x86
	EndGlobalSection
	GlobalSection(ProjectConfigurationPlatforms) = postSolution
		{864C2530-2568-4CDC-B973-87FE0C5F46AE}.Debug|x64.ActiveCfg = Debug|x64
		{864C2530-2568-4CDC-B973-87FE0C5F46AE}.Debug|x64.Build.0 = Debug|x64
		{864C2530-2568-4CDC-B973-87FE0C5F46AE}.Debug|x86.ActiveCfg = Debug|Win32
		{864C2530-2568-4CDC-B973-87FE0C5F46AE}.Debug|x86.Build.0 = Debug|Win32
		{864C2530-2568-4CDC-B973-87FE0C5F46AE}.Release|x64.ActiveCfg = Release|x64
		{864C2530-2568-4CDC-B973-87FE0C5F46AE}.Release|x64.Build.0 = Release|x64
		{864C2530-2568-4CDC-B973-87FE0C5F46AE}.Release|x86.ActiveCfg = Release|Win32
		{864C2530-2568-4CDC-B973-87FE0C5F46AE}.Release|x86.Build.0 = Release|Win32
	EndGlobalSection
	GlobalSection(SolutionProperties) = preSolution
		HideSolutionNode = FALSE
	EndGlobalSection
	GlobalSection(ExtensibilityGlobals) = postSolution
		SolutionGuid = {6C581FC7-322C-451B-9417-0E41C9CC58B6}
	EndGlobalSection
EndGlobal
